{
  "name": "brushloop",
  "version": "0.1.0",
  "lockfileVersion": 3,
  "requires": true,
  "packages": {
    "": {
      "name": "brushloop",
      "version": "0.1.0",
      "workspaces": [
        "server",
        "packages/*"
      ],
      "engines": {
        "node": ">=20.0.0"
      }
    },
    "node_modules/@brushloop/server": {
      "resolved": "server",
      "link": true
    },
    "node_modules/@brushloop/shared": {
      "resolved": "packages/shared",
      "link": true
    },
    "packages/shared": {
      "name": "@brushloop/shared",
      "version": "0.1.0"
    },
    "server": {
      "name": "@brushloop/server",
      "version": "0.1.0"
    }
  }
}
